
Microsoft Visual Studio Solution File, Format Version 12.00
# Visual Studio Version 16
VisualStudioVersion = 16.0.29020.237
MinimumVisualStudioVersion = 10.0.40219.1
Project("{FAE04EC0-301F-11D3-BF4B-00C04F79EFBC}") = "PracticandoconBasedeDatos", "PracticandoconBasedeDatos\PracticandoconBasedeDatos.csproj", "{9F7FAA3A-69D0-4E12-ACB2-9CF7C5E7D1D6}"
EndProject
Global
	GlobalSection(SolutionConfigurationPlatforms) = preSolution
		Debug|Any CPU = Debug|Any CPU
		Release|Any CPU = Release|Any CPU
	EndGlobalSection
	GlobalSection(ProjectConfigurationPlatforms) = postSolution
		{9F7FAA3A-69D0-4E12-ACB2-9CF7C5E7D1D6}.Debug|Any CPU.ActiveCfg = Debug|Any CPU
		{9F7FAA3A-69D0-4E12-ACB2-9CF7C5E7D1D6}.Debug|Any CPU.Build.0 = Debug|Any CPU
		{9F7FAA3A-69D0-4E12-ACB2-9CF7C5E7D1D6}.Release|Any CPU.ActiveCfg = Release|Any CPU
		{9F7FAA3A-69D0-4E12-ACB2-9CF7C5E7D1D6}.Release|Any CPU.Build.0 = Release|Any CPU
	EndGlobalSection
	GlobalSection(SolutionProperties) = preSolution
		HideSolutionNode = FALSE
	EndGlobalSection
	GlobalSection(ExtensibilityGlobals) = postSolution
		SolutionGuid = {8636049D-4D1F-474F-9F96-78DA2464142A}
	EndGlobalSection
EndGlobal
